
Microsoft Visual Studio Solution File, Format Version 12.00
# Visual Studio Version 17
VisualStudioVersion = 17.4.33205.214
MinimumVisualStudioVersion = 10.0.40219.1
Project("{9A19103F-16F7-4668-BE54-9A1E7A4F7556}") = "Day1", "Advent\Day1.csproj", "{AD1AD315-BAD1-4FD5-8F40-9065F2B55AC1}"
EndProject
Project("{9A19103F-16F7-4668-BE54-9A1E7A4F7556}") = "Day2", "Day2\Day2.csproj", "{05A6BBF8-50E6-4524-B45E-2C1ADE1AFD9E}"
EndProject
Project("{9A19103F-16F7-4668-BE54-9A1E7A4F7556}") = "Day3", "Day3\Day3.csproj", "{3E2590C0-B541-4208-8EE7-9112885131CE}"
EndProject
Project("{9A19103F-16F7-4668-BE54-9A1E7A4F7556}") = "Day4", "Day4\Day4.csproj", "{1168CA20-ABD1-4ED6-8983-1F9E746452A7}"
EndProject
Project("{9A19103F-16F7-4668-BE54-9A1E7A4F7556}") = "Day5", "Day5\Day5.csproj", "{3B63BE5B-371B-4FDF-A6F6-98124EB6F82D}"
EndProject
Project("{9A19103F-16F7-4668-BE54-9A1E7A4F7556}") = "Day6", "Day6\Day6.csproj", "{1BAE1952-8A18-498C-872B-BEBD65E7B471}"
EndProject
Project("{9A19103F-16F7-4668-BE54-9A1E7A4F7556}") = "Day7", "Day7\Day7.csproj", "{C832FD49-066C-4A17-A97E-AC44EFE9EE45}"
EndProject
Project("{9A19103F-16F7-4668-BE54-9A1E7A4F7556}") = "Day8", "Day8\Day8.csproj", "{90A33238-9BBF-44E4-A372-5F64DD50A2B2}"
EndProject
Project("{9A19103F-16F7-4668-BE54-9A1E7A4F7556}") = "Day9", "Day9\Day9.csproj", "{84170287-D8A5-48CC-8909-A7BC1DA51FA8}"
EndProject
Project("{9A19103F-16F7-4668-BE54-9A1E7A4F7556}") = "Day10", "Day10\Day10.csproj", "{99E4ABBF-2277-4FE7-9861-374F4C55D67C}"
EndProject
Project("{FAE04EC0-301F-11D3-BF4B-00C04F79EFBC}") = "Day11", "Day11\Day11.csproj", "{E412B897-9A02-43EA-AC97-CEA9B68F29D6}"
EndProject
Global
	GlobalSection(SolutionConfigurationPlatforms) = preSolution
		Debug|Any CPU = Debug|Any CPU
		Release|Any CPU = Release|Any CPU
	EndGlobalSection
	GlobalSection(ProjectConfigurationPlatforms) = postSolution
		{AD1AD315-BAD1-4FD5-8F40-9065F2B55AC1}.Debug|Any CPU.ActiveCfg = Debug|Any CPU
		{AD1AD315-BAD1-4FD5-8F40-9065F2B55AC1}.Debug|Any CPU.Build.0 = Debug|Any CPU
		{AD1AD315-BAD1-4FD5-8F40-9065F2B55AC1}.Release|Any CPU.ActiveCfg = Release|Any CPU
		{AD1AD315-BAD1-4FD5-8F40-9065F2B55AC1}.Release|Any CPU.Build.0 = Release|Any CPU
		{05A6BBF8-50E6-4524-B45E-2C1ADE1AFD9E}.Debug|Any CPU.ActiveCfg = Debug|Any CPU
		{05A6BBF8-50E6-4524-B45E-2C1ADE1AFD9E}.Debug|Any CPU.Build.0 = Debug|Any CPU
		{05A6BBF8-50E6-4524-B45E-2C1ADE1AFD9E}.Release|Any CPU.ActiveCfg = Release|Any CPU
		{05A6BBF8-50E6-4524-B45E-2C1ADE1AFD9E}.Release|Any CPU.Build.0 = Release|Any CPU
		{3E2590C0-B541-4208-8EE7-9112885131CE}.Debug|Any CPU.ActiveCfg = Debug|Any CPU
		{3E2590C0-B541-4208-8EE7-9112885131CE}.Debug|Any CPU.Build.0 = Debug|Any CPU
		{3E2590C0-B541-4208-8EE7-9112885131CE}.Release|Any CPU.ActiveCfg = Release|Any CPU
		{3E2590C0-B541-4208-8EE7-9112885131CE}.Release|Any CPU.Build.0 = Release|Any CPU
		{1168CA20-ABD1-4ED6-8983-1F9E746452A7}.Debug|Any CPU.ActiveCfg = Debug|Any CPU
		{1168CA20-ABD1-4ED6-8983-1F9E746452A7}.Debug|Any CPU.Build.0 = Debug|Any CPU
		{1168CA20-ABD1-4ED6-8983-1F9E746452A7}.Release|Any CPU.ActiveCfg = Release|Any CPU
		{1168CA20-ABD1-4ED6-8983-1F9E746452A7}.Release|Any CPU.Build.0 = Release|Any CPU
		{3B63BE5B-371B-4FDF-A6F6-98124EB6F82D}.Debug|Any CPU.ActiveCfg = Debug|Any CPU
		{3B63BE5B-371B-4FDF-A6F6-98124EB6F82D}.Debug|Any CPU.Build.0 = Debug|Any CPU
		{3B63BE5B-371B-4FDF-A6F6-98124EB6F82D}.Release|Any CPU.ActiveCfg = Release|Any CPU
		{3B63BE5B-371B-4FDF-A6F6-98124EB6F82D}.Release|Any CPU.Build.0 = Release|Any CPU
		{1BAE1952-8A18-498C-872B-BEBD65E7B471}.Debug|Any CPU.ActiveCfg = Debug|Any CPU
		{1BAE1952-8A18-498C-872B-BEBD65E7B471}.Debug|Any CPU.Build.0 = Debug|Any CPU
		{1BAE1952-8A18-498C-872B-BEBD65E7B471}.Release|Any CPU.ActiveCfg = Release|Any CPU
		{1BAE1952-8A18-498C-872B-BEBD65E7B471}.Release|Any CPU.Build.0 = Release|Any CPU
		{C832FD49-066C-4A17-A97E-AC44EFE9EE45}.Debug|Any CPU.ActiveCfg = Debug|Any CPU
		{C832FD49-066C-4A17-A97E-AC44EFE9EE45}.Debug|Any CPU.Build.0 = Debug|Any CPU
		{C832FD49-066C-4A17-A97E-AC44EFE9EE45}.Release|Any CPU.ActiveCfg = Release|Any CPU
		{C832FD49-066C-4A17-A97E-AC44EFE9EE45}.Release|Any CPU.Build.0 = Release|Any CPU
		{90A33238-9BBF-44E4-A372-5F64DD50A2B2}.Debug|Any CPU.ActiveCfg = Debug|Any CPU
		{90A33238-9BBF-44E4-A372-5F64DD50A2B2}.Debug|Any CPU.Build.0 = Debug|Any CPU
		{90A33238-9BBF-44E4-A372-5F64DD50A2B2}.Release|Any CPU.ActiveCfg = Release|Any CPU
		{90A33238-9BBF-44E4-A372-5F64DD50A2B2}.Release|Any CPU.Build.0 = Release|Any CPU
		{84170287-D8A5-48CC-8909-A7BC1DA51FA8}.Debug|Any CPU.ActiveCfg = Debug|Any CPU
		{84170287-D8A5-48CC-8909-A7BC1DA51FA8}.Debug|Any CPU.Build.0 = Debug|Any CPU
		{84170287-D8A5-48CC-8909-A7BC1DA51FA8}.Release|Any CPU.ActiveCfg = Release|Any CPU
		{84170287-D8A5-48CC-8909-A7BC1DA51FA8}.Release|Any CPU.Build.0 = Release|Any CPU
		{99E4ABBF-2277-4FE7-9861-374F4C55D67C}.Debug|Any CPU.ActiveCfg = Debug|Any CPU
		{99E4ABBF-2277-4FE7-9861-374F4C55D67C}.Debug|Any CPU.Build.0 = Debug|Any CPU
		{99E4ABBF-2277-4FE7-9861-374F4C55D67C}.Release|Any CPU.ActiveCfg = Release|Any CPU
		{99E4ABBF-2277-4FE7-9861-374F4C55D67C}.Release|Any CPU.Build.0 = Release|Any CPU
		{E412B897-9A02-43EA-AC97-CEA9B68F29D6}.Debug|Any CPU.ActiveCfg = Debug|Any CPU
		{E412B897-9A02-43EA-AC97-CEA9B68F29D6}.Debug|Any CPU.Build.0 = Debug|Any CPU
		{E412B897-9A02-43EA-AC97-CEA9B68F29D6}.Release|Any CPU.ActiveCfg = Release|Any CPU
		{E412B897-9A02-43EA-AC97-CEA9B68F29D6}.Release|Any CPU.Build.0 = Release|Any CPU
	EndGlobalSection
	GlobalSection(SolutionProperties) = preSolution
		HideSolutionNode = FALSE
	EndGlobalSection
	GlobalSection(ExtensibilityGlobals) = postSolution
		SolutionGuid = {2386F5B6-D0A5-4D54-932F-19F597F3F06D}
	EndGlobalSection
EndGlobal
